
Microsoft Visual Studio Solution File, Format Version 12.00
# Visual Studio Version 17
VisualStudioVersion = 17.14.37012.4 d17.14
MinimumVisualStudioVersion = 10.0.40219.1
Project("{FAE04EC0-301F-11D3-BF4B-00C04F79EFBC}") = "MSCPocketItems", "MSCPocketItems\MSCPocketItems.csproj", "{413F03BF-0533-CD6D-509D-E3A5C63A635F}"
EndProject
Global
	GlobalSection(SolutionConfigurationPlatforms) = preSolution
		Debug|Any CPU = Debug|Any CPU
		Release|Any CPU = Release|Any CPU
	EndGlobalSection
	GlobalSection(ProjectConfigurationPlatforms) = postSolution
		{413F03BF-0533-CD6D-509D-E3A5C63A635F}.Debug|Any CPU.ActiveCfg = Debug|Any CPU
		{413F03BF-0533-CD6D-509D-E3A5C63A635F}.Debug|Any CPU.Build.0 = Debug|Any CPU
		{413F03BF-0533-CD6D-509D-E3A5C63A635F}.Release|Any CPU.ActiveCfg = Release|Any CPU
		{413F03BF-0533-CD6D-509D-E3A5C63A635F}.Release|Any CPU.Build.0 = Release|Any CPU
	EndGlobalSection
	GlobalSection(SolutionProperties) = preSolution
		HideSolutionNode = FALSE
	EndGlobalSection
	GlobalSection(ExtensibilityGlobals) = postSolution
		SolutionGuid = {B6FF78AC-6C7E-45A4-93A9-50EC41D10AAF}
	EndGlobalSection
EndGlobal
